
Microsoft Visual Studio Solution File, Format Version 12.00
# Visual Studio Version 16
VisualStudioVersion = 16.0.30804.86
MinimumVisualStudioVersion = 10.0.40219.1
Project("{FAE04EC0-301F-11D3-BF4B-00C04F79EFBC}") = "API", "API\API.csproj", "{307FDABF-8E6B-4A9D-8122-CD58BD324130}"
EndProject
Project("{FAE04EC0-301F-11D3-BF4B-00C04F79EFBC}") = "OperacionFuegoQuasar.Logic", "OperacionFuegoQuasar.Logic\OperacionFuegoQuasar.Logic.csproj", "{A73CDA01-102D-4A4E-A308-8A3D08B54F31}"
EndProject
Project("{FAE04EC0-301F-11D3-BF4B-00C04F79EFBC}") = "OperacionFuegoQuasar.Model", "OperacionFuegoQuasar.Model\OperacionFuegoQuasar.Model.csproj", "{A8A61B02-5C97-438D-B467-65C762EE226D}"
EndProject
Project("{FAE04EC0-301F-11D3-BF4B-00C04F79EFBC}") = "OperacionFuegoQuasar.Data", "OperacionFuegoQuasar.Data\OperacionFuegoQuasar.Data.csproj", "{9AA35DCA-B057-4849-AFAD-DDC4C0074410}"
EndProject
Project("{FAE04EC0-301F-11D3-BF4B-00C04F79EFBC}") = "OperacionFuegoQuasar.Tests", "OperacionFuegoQuasar.Tests\OperacionFuegoQuasar.Tests.csproj", "{98BA5FB2-7587-43C9-8247-B48C560FAEE2}"
EndProject
Global
	GlobalSection(SolutionConfigurationPlatforms) = preSolution
		Debug|Any CPU = Debug|Any CPU
		Release|Any CPU = Release|Any CPU
	EndGlobalSection
	GlobalSection(ProjectConfigurationPlatforms) = postSolution
		{307FDABF-8E6B-4A9D-8122-CD58BD324130}.Debug|Any CPU.ActiveCfg = Debug|Any CPU
		{307FDABF-8E6B-4A9D-8122-CD58BD324130}.Debug|Any CPU.Build.0 = Debug|Any CPU
		{307FDABF-8E6B-4A9D-8122-CD58BD324130}.Release|Any CPU.ActiveCfg = Release|Any CPU
		{307FDABF-8E6B-4A9D-8122-CD58BD324130}.Release|Any CPU.Build.0 = Release|Any CPU
		{A73CDA01-102D-4A4E-A308-8A3D08B54F31}.Debug|Any CPU.ActiveCfg = Debug|Any CPU
		{A73CDA01-102D-4A4E-A308-8A3D08B54F31}.Debug|Any CPU.Build.0 = Debug|Any CPU
		{A73CDA01-102D-4A4E-A308-8A3D08B54F31}.Release|Any CPU.ActiveCfg = Release|Any CPU
		{A73CDA01-102D-4A4E-A308-8A3D08B54F31}.Release|Any CPU.Build.0 = Release|Any CPU
		{A8A61B02-5C97-438D-B467-65C762EE226D}.Debug|Any CPU.ActiveCfg = Debug|Any CPU
		{A8A61B02-5C97-438D-B467-65C762EE226D}.Debug|Any CPU.Build.0 = Debug|Any CPU
		{A8A61B02-5C97-438D-B467-65C762EE226D}.Release|Any CPU.ActiveCfg = Release|Any CPU
		{A8A61B02-5C97-438D-B467-65C762EE226D}.Release|Any CPU.Build.0 = Release|Any CPU
		{9AA35DCA-B057-4849-AFAD-DDC4C0074410}.Debug|Any CPU.ActiveCfg = Debug|Any CPU
		{9AA35DCA-B057-4849-AFAD-DDC4C0074410}.Debug|Any CPU.Build.0 = Debug|Any CPU
		{9AA35DCA-B057-4849-AFAD-DDC4C0074410}.Release|Any CPU.ActiveCfg = Release|Any CPU
		{9AA35DCA-B057-4849-AFAD-DDC4C0074410}.Release|Any CPU.Build.0 = Release|Any CPU
		{98BA5FB2-7587-43C9-8247-B48C560FAEE2}.Debug|Any CPU.ActiveCfg = Debug|Any CPU
		{98BA5FB2-7587-43C9-8247-B48C560FAEE2}.Debug|Any CPU.Build.0 = Debug|Any CPU
		{98BA5FB2-7587-43C9-8247-B48C560FAEE2}.Release|Any CPU.ActiveCfg = Release|Any CPU
		{98BA5FB2-7587-43C9-8247-B48C560FAEE2}.Release|Any CPU.Build.0 = Release|Any CPU
	EndGlobalSection
	GlobalSection(SolutionProperties) = preSolution
		HideSolutionNode = FALSE
	EndGlobalSection
	GlobalSection(ExtensibilityGlobals) = postSolution
		SolutionGuid = {01F45E53-8D74-45D8-8707-5C7E788EA7C7}
	EndGlobalSection
EndGlobal
